
Microsoft Visual Studio Solution File, Format Version 12.00
# Visual Studio Version 17
VisualStudioVersion = 17.0.31903.59
MinimumVisualStudioVersion = 10.0.40219.1
Project("{9A19103F-16F7-4668-BE54-9A1E7A4F7556}") = "AppointmentSystem.API", "AppointmentSystem.API\AppointmentSystem.API.csproj", "{6CDCE95F-4551-485C-BB8E-CC0B2C26C009}"
EndProject
Project("{9A19103F-16F7-4668-BE54-9A1E7A4F7556}") = "AppointmentSystem.Application", "AppointmentSystem.Application\AppointmentSystem.Application.csproj", "{7049F873-5C67-4365-96FE-F3821E368323}"
EndProject
Project("{9A19103F-16F7-4668-BE54-9A1E7A4F7556}") = "AppointmentSystem.Domain", "AppointmentSystem.Domain\AppointmentSystem.Domain.csproj", "{C36F0B7A-731D-4652-B47A-A5E61076FDD0}"
EndProject
Project("{9A19103F-16F7-4668-BE54-9A1E7A4F7556}") = "AppointmentSystem.Infrastructure", "AppointmentSystem.Infrastructure\AppointmentSystem.Infrastructure.csproj", "{0BD0AF3F-4950-4900-A55B-8BFFFEF2160E}"
EndProject
Project("{9A19103F-16F7-4668-BE54-9A1E7A4F7556}") = "AppointmentSystem.Tests", "AppointmentSystem.Tests\AppointmentSystem.Tests.csproj", "{DAEE217B-5E1B-4FDE-AAF1-3937413FFD2C}"
EndProject
Global
	GlobalSection(SolutionConfigurationPlatforms) = preSolution
		Debug|Any CPU = Debug|Any CPU
		Release|Any CPU = Release|Any CPU
	EndGlobalSection
	GlobalSection(ProjectConfigurationPlatforms) = postSolution
		{6CDCE95F-4551-485C-BB8E-CC0B2C26C009}.Debug|Any CPU.ActiveCfg = Debug|Any CPU
		{6CDCE95F-4551-485C-BB8E-CC0B2C26C009}.Debug|Any CPU.Build.0 = Debug|Any CPU
		{6CDCE95F-4551-485C-BB8E-CC0B2C26C009}.Release|Any CPU.ActiveCfg = Release|Any CPU
		{6CDCE95F-4551-485C-BB8E-CC0B2C26C009}.Release|Any CPU.Build.0 = Release|Any CPU
		{7049F873-5C67-4365-96FE-F3821E368323}.Debug|Any CPU.ActiveCfg = Debug|Any CPU
		{7049F873-5C67-4365-96FE-F3821E368323}.Debug|Any CPU.Build.0 = Debug|Any CPU
		{7049F873-5C67-4365-96FE-F3821E368323}.Release|Any CPU.ActiveCfg = Release|Any CPU
		{7049F873-5C67-4365-96FE-F3821E368323}.Release|Any CPU.Build.0 = Release|Any CPU
		{C36F0B7A-731D-4652-B47A-A5E61076FDD0}.Debug|Any CPU.ActiveCfg = Debug|Any CPU
		{C36F0B7A-731D-4652-B47A-A5E61076FDD0}.Debug|Any CPU.Build.0 = Debug|Any CPU
		{C36F0B7A-731D-4652-B47A-A5E61076FDD0}.Release|Any CPU.ActiveCfg = Release|Any CPU
		{C36F0B7A-731D-4652-B47A-A5E61076FDD0}.Release|Any CPU.Build.0 = Release|Any CPU
		{0BD0AF3F-4950-4900-A55B-8BFFFEF2160E}.Debug|Any CPU.ActiveCfg = Debug|Any CPU
		{0BD0AF3F-4950-4900-A55B-8BFFFEF2160E}.Debug|Any CPU.Build.0 = Debug|Any CPU
		{0BD0AF3F-4950-4900-A55B-8BFFFEF2160E}.Release|Any CPU.ActiveCfg = Release|Any CPU
		{0BD0AF3F-4950-4900-A55B-8BFFFEF2160E}.Release|Any CPU.Build.0 = Release|Any CPU
		{DAEE217B-5E1B-4FDE-AAF1-3937413FFD2C}.Debug|Any CPU.ActiveCfg = Debug|Any CPU
		{DAEE217B-5E1B-4FDE-AAF1-3937413FFD2C}.Debug|Any CPU.Build.0 = Debug|Any CPU
		{DAEE217B-5E1B-4FDE-AAF1-3937413FFD2C}.Release|Any CPU.ActiveCfg = Release|Any CPU
		{DAEE217B-5E1B-4FDE-AAF1-3937413FFD2C}.Release|Any CPU.Build.0 = Release|Any CPU
	EndGlobalSection
	GlobalSection(SolutionProperties) = preSolution
		HideSolutionNode = FALSE
	EndGlobalSection
	GlobalSection(ExtensibilityGlobals) = postSolution
		SolutionGuid = {97B75F54-DFDA-4457-A806-375408D61DC2}
	EndGlobalSection
EndGlobal
